
Microsoft Visual Studio Solution File, Format Version 12.00
# Visual Studio Version 17
VisualStudioVersion = 17.14.36518.9 d17.14
MinimumVisualStudioVersion = 10.0.40219.1
Project("{FAE04EC0-301F-11D3-BF4B-00C04F79EFBC}") = "ClubDeportivoEmma21", "ClubDeportivoEmma21\ClubDeportivoEmma21.csproj", "{154F32F2-462F-402B-8283-2C935B82F4D4}"
EndProject
Global
	GlobalSection(SolutionConfigurationPlatforms) = preSolution
		Debug|Any CPU = Debug|Any CPU
		Release|Any CPU = Release|Any CPU
	EndGlobalSection
	GlobalSection(ProjectConfigurationPlatforms) = postSolution
		{154F32F2-462F-402B-8283-2C935B82F4D4}.Debug|Any CPU.ActiveCfg = Debug|Any CPU
		{154F32F2-462F-402B-8283-2C935B82F4D4}.Debug|Any CPU.Build.0 = Debug|Any CPU
		{154F32F2-462F-402B-8283-2C935B82F4D4}.Release|Any CPU.ActiveCfg = Release|Any CPU
		{154F32F2-462F-402B-8283-2C935B82F4D4}.Release|Any CPU.Build.0 = Release|Any CPU
	EndGlobalSection
	GlobalSection(SolutionProperties) = preSolution
		HideSolutionNode = FALSE
	EndGlobalSection
	GlobalSection(ExtensibilityGlobals) = postSolution
		SolutionGuid = {66E629E3-0457-4770-A9FF-F0DFE878BCBC}
	EndGlobalSection
EndGlobal
